
Microsoft Visual Studio Solution File, Format Version 12.00
# Visual Studio Version 17
VisualStudioVersion = 17.14.36301.6 d17.14
MinimumVisualStudioVersion = 10.0.40219.1
Project("{FAE04EC0-301F-11D3-BF4B-00C04F79EFBC}") = "AppointmentBooking", "AppointmentBooking\AppointmentBooking.csproj", "{9E9967F9-F811-4A8D-86FA-BC330ADC9C23}"
EndProject
Global
	GlobalSection(SolutionConfigurationPlatforms) = preSolution
		Debug|Any CPU = Debug|Any CPU
		Release|Any CPU = Release|Any CPU
	EndGlobalSection
	GlobalSection(ProjectConfigurationPlatforms) = postSolution
		{9E9967F9-F811-4A8D-86FA-BC330ADC9C23}.Debug|Any CPU.ActiveCfg = Debug|Any CPU
		{9E9967F9-F811-4A8D-86FA-BC330ADC9C23}.Debug|Any CPU.Build.0 = Debug|Any CPU
		{9E9967F9-F811-4A8D-86FA-BC330ADC9C23}.Release|Any CPU.ActiveCfg = Release|Any CPU
		{9E9967F9-F811-4A8D-86FA-BC330ADC9C23}.Release|Any CPU.Build.0 = Release|Any CPU
	EndGlobalSection
	GlobalSection(SolutionProperties) = preSolution
		HideSolutionNode = FALSE
	EndGlobalSection
	GlobalSection(ExtensibilityGlobals) = postSolution
		SolutionGuid = {C9D06DA0-A0A2-4AA3-829C-871719527CCB}
	EndGlobalSection
EndGlobal
